// !$*UTF8*$!
{
	archiveVersion = 1;
	classes = {
	};
	objectVersion = 46;
	objects = {

/* Begin PBXFileReference section */
		8D58346C1DE18F2F00C35675 /* RedstoneHeaders.h */ = {isa = PBXFileReference; lastKnownFileType = sourcecode.c.h; path = RedstoneHeaders.h; sourceTree = "<group>"; };
		8D58346D1DE18F4000C35675 /* Redstone.h */ = {isa = PBXFileReference; fileEncoding = 4; lastKnownFileType = sourcecode.c.h; name = Redstone.h; path = core/Redstone.h; sourceTree = "<group>"; };
		8D58346E1DE18F4000C35675 /* Redstone.m */ = {isa = PBXFileReference; fileEncoding = 4; lastKnownFileType = sourcecode.c.objc; name = Redstone.m; path = core/Redstone.m; sourceTree = "<group>"; };
		8D5834761DE18FEF00C35675 /* Makefile */ = {isa = PBXFileReference; fileEncoding = 4; lastKnownFileType = sourcecode.make; path = Makefile; sourceTree = "<group>"; };
		8D5834781DE18FF900C35675 /* control */ = {isa = PBXFileReference; fileEncoding = 4; lastKnownFileType = text; path = control; sourceTree = "<group>"; };
		8D58347A1DE1900500C35675 /* Redstone.plist */ = {isa = PBXFileReference; lastKnownFileType = text.plist; path = Redstone.plist; sourceTree = "<group>"; };
		8D58347B1DE1900500C35675 /* Tweak.h */ = {isa = PBXFileReference; fileEncoding = 4; lastKnownFileType = sourcecode.c.h; path = Tweak.h; sourceTree = "<group>"; };
		8D58347C1DE1900500C35675 /* Tweak.xm */ = {isa = PBXFileReference; fileEncoding = 4; lastKnownFileType = text; path = Tweak.xm; sourceTree = "<group>"; };
		8D58347F1DE1905800C35675 /* RSAesthetics.h */ = {isa = PBXFileReference; fileEncoding = 4; lastKnownFileType = sourcecode.c.h; name = RSAesthetics.h; path = core/RSAesthetics.h; sourceTree = "<group>"; };
		8D5834801DE1905800C35675 /* RSAesthetics.m */ = {isa = PBXFileReference; fileEncoding = 4; lastKnownFileType = sourcecode.c.objc; name = RSAesthetics.m; path = core/RSAesthetics.m; sourceTree = "<group>"; };
		8D5834851DE1907900C35675 /* RSMetrics.h */ = {isa = PBXFileReference; fileEncoding = 4; lastKnownFileType = sourcecode.c.h; name = RSMetrics.h; path = core/RSMetrics.h; sourceTree = "<group>"; };
		8D5834861DE1907900C35675 /* RSMetrics.m */ = {isa = PBXFileReference; fileEncoding = 4; lastKnownFileType = sourcecode.c.objc; name = RSMetrics.m; path = core/RSMetrics.m; sourceTree = "<group>"; };
		8D5834881DE1908C00C35675 /* RSAnimation.h */ = {isa = PBXFileReference; fileEncoding = 4; lastKnownFileType = sourcecode.c.h; name = RSAnimation.h; path = core/RSAnimation.h; sourceTree = "<group>"; };
		8D5834891DE1908C00C35675 /* RSAnimation.m */ = {isa = PBXFileReference; fileEncoding = 4; lastKnownFileType = sourcecode.c.objc; name = RSAnimation.m; path = core/RSAnimation.m; sourceTree = "<group>"; };
		8D58348B1DE190A400C35675 /* RSPreferences.h */ = {isa = PBXFileReference; fileEncoding = 4; lastKnownFileType = sourcecode.c.h; name = RSPreferences.h; path = core/RSPreferences.h; sourceTree = "<group>"; };
		8D58348C1DE190A400C35675 /* RSPreferences.m */ = {isa = PBXFileReference; fileEncoding = 4; lastKnownFileType = sourcecode.c.objc; name = RSPreferences.m; path = core/RSPreferences.m; sourceTree = "<group>"; };
		8D58348E1DE190B700C35675 /* RSRootScrollView.h */ = {isa = PBXFileReference; fileEncoding = 4; lastKnownFileType = sourcecode.c.h; name = RSRootScrollView.h; path = core/RSRootScrollView.h; sourceTree = "<group>"; };
		8D58348F1DE190B700C35675 /* RSRootScrollView.m */ = {isa = PBXFileReference; fileEncoding = 4; lastKnownFileType = sourcecode.c.objc; name = RSRootScrollView.m; path = core/RSRootScrollView.m; sourceTree = "<group>"; };
		8D5834911DE190C300C35675 /* RSTiltView.h */ = {isa = PBXFileReference; fileEncoding = 4; lastKnownFileType = sourcecode.c.h; name = RSTiltView.h; path = core/RSTiltView.h; sourceTree = "<group>"; };
		8D5834921DE190C300C35675 /* RSTiltView.m */ = {isa = PBXFileReference; fileEncoding = 4; lastKnownFileType = sourcecode.c.objc; name = RSTiltView.m; path = core/RSTiltView.m; sourceTree = "<group>"; };
		8D5834961DE1918200C35675 /* CAKeyframeAnimation+AHEasing.h */ = {isa = PBXFileReference; fileEncoding = 4; lastKnownFileType = sourcecode.c.h; name = "CAKeyframeAnimation+AHEasing.h"; path = "lib/CAKeyframeAnimation+AHEasing.h"; sourceTree = "<group>"; };
		8D5834971DE1918200C35675 /* CAKeyframeAnimation+AHEasing.m */ = {isa = PBXFileReference; fileEncoding = 4; lastKnownFileType = sourcecode.c.objc; name = "CAKeyframeAnimation+AHEasing.m"; path = "lib/CAKeyframeAnimation+AHEasing.m"; sourceTree = "<group>"; };
		8D5834981DE1918200C35675 /* easing.c */ = {isa = PBXFileReference; fileEncoding = 4; lastKnownFileType = sourcecode.c.c; name = easing.c; path = lib/easing.c; sourceTree = "<group>"; };
		8D5834991DE1918200C35675 /* easing.h */ = {isa = PBXFileReference; fileEncoding = 4; lastKnownFileType = sourcecode.c.h; name = easing.h; path = lib/easing.h; sourceTree = "<group>"; };
		8D58349A1DE1918200C35675 /* UIFont+WDCustomLoader.h */ = {isa = PBXFileReference; fileEncoding = 4; lastKnownFileType = sourcecode.c.h; name = "UIFont+WDCustomLoader.h"; path = "lib/UIFont+WDCustomLoader.h"; sourceTree = "<group>"; };
		8D58349B1DE1918200C35675 /* UIFont+WDCustomLoader.m */ = {isa = PBXFileReference; fileEncoding = 4; lastKnownFileType = sourcecode.c.objc; name = "UIFont+WDCustomLoader.m"; path = "lib/UIFont+WDCustomLoader.m"; sourceTree = "<group>"; };
		8D58349C1DE1918200C35675 /* UIImageAverageColorAddition.h */ = {isa = PBXFileReference; fileEncoding = 4; lastKnownFileType = sourcecode.c.h; name = UIImageAverageColorAddition.h; path = lib/UIImageAverageColorAddition.h; sourceTree = "<group>"; };
		8D58349D1DE1918200C35675 /* UIImageAverageColorAddition.m */ = {isa = PBXFileReference; fileEncoding = 4; lastKnownFileType = sourcecode.c.objc; name = UIImageAverageColorAddition.m; path = lib/UIImageAverageColorAddition.m; sourceTree = "<group>"; };
		8D58349F1DE191CC00C35675 /* RSStartScreenController.h */ = {isa = PBXFileReference; lastKnownFileType = sourcecode.c.h; name = RSStartScreenController.h; path = start/RSStartScreenController.h; sourceTree = "<group>"; };
		8D5834A01DE191CC00C35675 /* RSStartScreenController.m */ = {isa = PBXFileReference; lastKnownFileType = sourcecode.c.objc; name = RSStartScreenController.m; path = start/RSStartScreenController.m; sourceTree = "<group>"; };
		8D5834A11DE191E500C35675 /* RSStartScrollView.h */ = {isa = PBXFileReference; lastKnownFileType = sourcecode.c.h; name = RSStartScrollView.h; path = start/RSStartScrollView.h; sourceTree = "<group>"; };
		8D5834A21DE191E500C35675 /* RSStartScrollView.m */ = {isa = PBXFileReference; lastKnownFileType = sourcecode.c.objc; name = RSStartScrollView.m; path = start/RSStartScrollView.m; sourceTree = "<group>"; };
		8D5834A31DE191F100C35675 /* RSTile.h */ = {isa = PBXFileReference; lastKnownFileType = sourcecode.c.h; name = RSTile.h; path = start/RSTile.h; sourceTree = "<group>"; };
		8D5834A41DE191F100C35675 /* RSTile.m */ = {isa = PBXFileReference; lastKnownFileType = sourcecode.c.objc; name = RSTile.m; path = start/RSTile.m; sourceTree = "<group>"; };
		8D5834A51DE1920D00C35675 /* RSLaunchScreenController.h */ = {isa = PBXFileReference; lastKnownFileType = sourcecode.c.h; name = RSLaunchScreenController.h; path = launch/RSLaunchScreenController.h; sourceTree = "<group>"; };
		8D5834A61DE1920D00C35675 /* RSLaunchScreenController.m */ = {isa = PBXFileReference; lastKnownFileType = sourcecode.c.objc; name = RSLaunchScreenController.m; path = launch/RSLaunchScreenController.m; sourceTree = "<group>"; };
		8D5834A71DE1921E00C35675 /* RSLaunchScreen.h */ = {isa = PBXFileReference; lastKnownFileType = sourcecode.c.h; name = RSLaunchScreen.h; path = launch/RSLaunchScreen.h; sourceTree = "<group>"; };
		8D5834A81DE1921E00C35675 /* RSLaunchScreen.m */ = {isa = PBXFileReference; lastKnownFileType = sourcecode.c.objc; name = RSLaunchScreen.m; path = launch/RSLaunchScreen.m; sourceTree = "<group>"; };
		8D5834E21DE1AA9600C35675 /* redstone_prefs.xcodeproj */ = {isa = PBXFileReference; lastKnownFileType = "wrapper.pb-project"; name = redstone_prefs.xcodeproj; path = redstone_prefs/redstone_prefs.xcodeproj; sourceTree = "<group>"; };
		8D913B421DE2F16C00A2B829 /* redstone.app */ = {isa = PBXFileReference; explicitFileType = wrapper.application; includeInIndex = 0; path = redstone.app; sourceTree = BUILT_PRODUCTS_DIR; };
/* End PBXFileReference section */

/* Begin PBXFrameworksBuildPhase section */
		8D58344E1DE18F1100C35675 /* Frameworks */ = {
			isa = PBXFrameworksBuildPhase;
			buildActionMask = 2147483647;
			files = (
			);
			runOnlyForDeploymentPostprocessing = 0;
		};
/* End PBXFrameworksBuildPhase section */

/* Begin PBXGroup section */
		8D5834481DE18F1100C35675 = {
			isa = PBXGroup;
			children = (
				8D5834761DE18FEF00C35675 /* Makefile */,
				8D5834781DE18FF900C35675 /* control */,
				8D58346C1DE18F2F00C35675 /* RedstoneHeaders.h */,
				8D58347A1DE1900500C35675 /* Redstone.plist */,
				8D58347B1DE1900500C35675 /* Tweak.h */,
				8D58347C1DE1900500C35675 /* Tweak.xm */,
				8D58346B1DE18F1C00C35675 /* core */,
				8D5834941DE1914400C35675 /* launch */,
				8D5834951DE1915100C35675 /* lib */,
				8D58349E1DE1919D00C35675 /* start */,
				8D5834E21DE1AA9600C35675 /* redstone_prefs.xcodeproj */,
				8D913B421DE2F16C00A2B829 /* redstone.app */,
			);
			sourceTree = "<group>";
		};
		8D58346B1DE18F1C00C35675 /* core */ = {
			isa = PBXGroup;
			children = (
				8D58346D1DE18F4000C35675 /* Redstone.h */,
				8D58346E1DE18F4000C35675 /* Redstone.m */,
				8D58347F1DE1905800C35675 /* RSAesthetics.h */,
				8D5834801DE1905800C35675 /* RSAesthetics.m */,
				8D5834881DE1908C00C35675 /* RSAnimation.h */,
				8D5834891DE1908C00C35675 /* RSAnimation.m */,
				8D5834851DE1907900C35675 /* RSMetrics.h */,
				8D5834861DE1907900C35675 /* RSMetrics.m */,
				8D58348B1DE190A400C35675 /* RSPreferences.h */,
				8D58348C1DE190A400C35675 /* RSPreferences.m */,
				8D58348E1DE190B700C35675 /* RSRootScrollView.h */,
				8D58348F1DE190B700C35675 /* RSRootScrollView.m */,
				8D5834911DE190C300C35675 /* RSTiltView.h */,
				8D5834921DE190C300C35675 /* RSTiltView.m */,
			);
			name = core;
			sourceTree = "<group>";
		};
		8D5834941DE1914400C35675 /* launch */ = {
			isa = PBXGroup;
			children = (
				8D5834A51DE1920D00C35675 /* RSLaunchScreenController.h */,
				8D5834A61DE1920D00C35675 /* RSLaunchScreenController.m */,
				8D5834A71DE1921E00C35675 /* RSLaunchScreen.h */,
				8D5834A81DE1921E00C35675 /* RSLaunchScreen.m */,
			);
			name = launch;
			sourceTree = "<group>";
		};
		8D5834951DE1915100C35675 /* lib */ = {
			isa = PBXGroup;
			children = (
				8D5834961DE1918200C35675 /* CAKeyframeAnimation+AHEasing.h */,
				8D5834971DE1918200C35675 /* CAKeyframeAnimation+AHEasing.m */,
				8D5834981DE1918200C35675 /* easing.c */,
				8D5834991DE1918200C35675 /* easing.h */,
				8D58349A1DE1918200C35675 /* UIFont+WDCustomLoader.h */,
				8D58349B1DE1918200C35675 /* UIFont+WDCustomLoader.m */,
				8D58349C1DE1918200C35675 /* UIImageAverageColorAddition.h */,
				8D58349D1DE1918200C35675 /* UIImageAverageColorAddition.m */,
			);
			name = lib;
			sourceTree = "<group>";
		};
		8D58349E1DE1919D00C35675 /* start */ = {
			isa = PBXGroup;
			children = (
				8D58349F1DE191CC00C35675 /* RSStartScreenController.h */,
				8D5834A01DE191CC00C35675 /* RSStartScreenController.m */,
				8D5834A11DE191E500C35675 /* RSStartScrollView.h */,
				8D5834A21DE191E500C35675 /* RSStartScrollView.m */,
				8D5834A31DE191F100C35675 /* RSTile.h */,
				8D5834A41DE191F100C35675 /* RSTile.m */,
			);
			name = start;
			sourceTree = "<group>";
		};
		8D5834E31DE1AA9600C35675 /* Products */ = {
			isa = PBXGroup;
			children = (
			);
			name = Products;
			sourceTree = "<group>";
		};
/* End PBXGroup section */

/* Begin PBXLegacyTarget section */
		8D5834701DE18F7C00C35675 /* make */ = {
			isa = PBXLegacyTarget;
			buildArgumentsString = do;
			buildConfigurationList = 8D5834711DE18F7C00C35675 /* Build configuration list for PBXLegacyTarget "make" */;
			buildPhases = (
			);
			buildToolPath = /usr/bin/make;
			buildWorkingDirectory = "";
			dependencies = (
			);
			name = make;
			passBuildSettingsInEnvironment = 0;
			productName = make;
		};
/* End PBXLegacyTarget section */

/* Begin PBXNativeTarget section */
		8D5834501DE18F1100C35675 /* redstone */ = {
			isa = PBXNativeTarget;
			buildConfigurationList = 8D5834681DE18F1100C35675 /* Build configuration list for PBXNativeTarget "redstone" */;
			buildPhases = (
				8D58344E1DE18F1100C35675 /* Frameworks */,
			);
			buildRules = (
			);
			dependencies = (
			);
			name = redstone;
			productName = redstone;
			productReference = 8D913B421DE2F16C00A2B829 /* redstone.app */;
			productType = "com.apple.product-type.application";
		};
/* End PBXNativeTarget section */

/* Begin PBXProject section */
		8D5834491DE18F1100C35675 /* Project object */ = {
			isa = PBXProject;
			attributes = {
				LastUpgradeCheck = 0810;
				ORGANIZATIONNAME = "FESTIVAL Development";
				TargetAttributes = {
					8D5834501DE18F1100C35675 = {
						CreatedOnToolsVersion = 8.1;
						DevelopmentTeam = EDV7C8ZP77;
						ProvisioningStyle = Automatic;
					};
					8D5834701DE18F7C00C35675 = {
						CreatedOnToolsVersion = 8.1;
						DevelopmentTeam = EDV7C8ZP77;
						ProvisioningStyle = Automatic;
					};
				};
			};
			buildConfigurationList = 8D58344C1DE18F1100C35675 /* Build configuration list for PBXProject "redstone" */;
			compatibilityVersion = "Xcode 3.2";
			developmentRegion = English;
			hasScannedForEncodings = 0;
			knownRegions = (
				en,
				Base,
			);
			mainGroup = 8D5834481DE18F1100C35675;
			productRefGroup = 8D5834481DE18F1100C35675;
			projectDirPath = "";
			projectReferences = (
				{
					ProductGroup = 8D5834E31DE1AA9600C35675 /* Products */;
					ProjectRef = 8D5834E21DE1AA9600C35675 /* redstone_prefs.xcodeproj */;
				},
			);
			projectRoot = "";
			targets = (
				8D5834501DE18F1100C35675 /* redstone */,
				8D5834701DE18F7C00C35675 /* make */,
			);
		};
/* End PBXProject section */

/* Begin XCBuildConfiguration section */
		8D5834661DE18F1100C35675 /* Debug */ = {
			isa = XCBuildConfiguration;
			buildSettings = {
				ALWAYS_SEARCH_USER_PATHS = NO;
				CLANG_ANALYZER_NONNULL = YES;
				CLANG_CXX_LANGUAGE_STANDARD = "gnu++0x";
				CLANG_CXX_LIBRARY = "libc++";
				CLANG_ENABLE_MODULES = YES;
				CLANG_ENABLE_OBJC_ARC = YES;
				CLANG_WARN_BOOL_CONVERSION = YES;
				CLANG_WARN_CONSTANT_CONVERSION = YES;
				CLANG_WARN_DIRECT_OBJC_ISA_USAGE = YES_ERROR;
				CLANG_WARN_DOCUMENTATION_COMMENTS = YES;
				CLANG_WARN_EMPTY_BODY = YES;
				CLANG_WARN_ENUM_CONVERSION = YES;
				CLANG_WARN_INFINITE_RECURSION = YES;
				CLANG_WARN_INT_CONVERSION = YES;
				CLANG_WARN_OBJC_ROOT_CLASS = YES_ERROR;
				CLANG_WARN_SUSPICIOUS_MOVES = YES;
				CLANG_WARN_UNREACHABLE_CODE = YES;
				CLANG_WARN__DUPLICATE_METHOD_MATCH = YES;
				"CODE_SIGN_IDENTITY[sdk=iphoneos*]" = "iPhone Developer";
				COPY_PHASE_STRIP = NO;
				DEBUG_INFORMATION_FORMAT = dwarf;
				ENABLE_STRICT_OBJC_MSGSEND = YES;
				ENABLE_TESTABILITY = YES;
				GCC_C_LANGUAGE_STANDARD = gnu99;
				GCC_DYNAMIC_NO_PIC = NO;
				GCC_NO_COMMON_BLOCKS = YES;
				GCC_OPTIMIZATION_LEVEL = 0;
				GCC_PREPROCESSOR_DEFINITIONS = (
					"DEBUG=1",
					"$(inherited)",
				);
				GCC_WARN_64_TO_32_BIT_CONVERSION = YES;
				GCC_WARN_ABOUT_RETURN_TYPE = YES_ERROR;
				GCC_WARN_UNDECLARED_SELECTOR = YES;
				GCC_WARN_UNINITIALIZED_AUTOS = YES_AGGRESSIVE;
				GCC_WARN_UNUSED_FUNCTION = YES;
				GCC_WARN_UNUSED_VARIABLE = YES;
				IPHONEOS_DEPLOYMENT_TARGET = 10.1;
				MTL_ENABLE_DEBUG_INFO = YES;
				ONLY_ACTIVE_ARCH = YES;
				SDKROOT = iphoneos;
			};
			name = Debug;
		};
		8D5834671DE18F1100C35675 /* Release */ = {
			isa = XCBuildConfiguration;
			buildSettings = {
				ALWAYS_SEARCH_USER_PATHS = NO;
				CLANG_ANALYZER_NONNULL = YES;
				CLANG_CXX_LANGUAGE_STANDARD = "gnu++0x";
				CLANG_CXX_LIBRARY = "libc++";
				CLANG_ENABLE_MODULES = YES;
				CLANG_ENABLE_OBJC_ARC = YES;
				CLANG_WARN_BOOL_CONVERSION = YES;
				CLANG_WARN_CONSTANT_CONVERSION = YES;
				CLANG_WARN_DIRECT_OBJC_ISA_USAGE = YES_ERROR;
				CLANG_WARN_DOCUMENTATION_COMMENTS = YES;
				CLANG_WARN_EMPTY_BODY = YES;
				CLANG_WARN_ENUM_CONVERSION = YES;
				CLANG_WARN_INFINITE_RECURSION = YES;
				CLANG_WARN_INT_CONVERSION = YES;
				CLANG_WARN_OBJC_ROOT_CLASS = YES_ERROR;
				CLANG_WARN_SUSPICIOUS_MOVES = YES;
				CLANG_WARN_UNREACHABLE_CODE = YES;
				CLANG_WARN__DUPLICATE_METHOD_MATCH = YES;
				"CODE_SIGN_IDENTITY[sdk=iphoneos*]" = "iPhone Developer";
				COPY_PHASE_STRIP = NO;
				DEBUG_INFORMATION_FORMAT = "dwarf-with-dsym";
				ENABLE_NS_ASSERTIONS = NO;
				ENABLE_STRICT_OBJC_MSGSEND = YES;
				GCC_C_LANGUAGE_STANDARD = gnu99;
				GCC_NO_COMMON_BLOCKS = YES;
				GCC_WARN_64_TO_32_BIT_CONVERSION = YES;
				GCC_WARN_ABOUT_RETURN_TYPE = YES_ERROR;
				GCC_WARN_UNDECLARED_SELECTOR = YES;
				GCC_WARN_UNINITIALIZED_AUTOS = YES_AGGRESSIVE;
				GCC_WARN_UNUSED_FUNCTION = YES;
				GCC_WARN_UNUSED_VARIABLE = YES;
				IPHONEOS_DEPLOYMENT_TARGET = 10.1;
				MTL_ENABLE_DEBUG_INFO = NO;
				SDKROOT = iphoneos;
				VALIDATE_PRODUCT = YES;
			};
			name = Release;
		};
		8D5834691DE18F1100C35675 /* Debug */ = {
			isa = XCBuildConfiguration;
			buildSettings = {
				ASSETCATALOG_COMPILER_APPICON_NAME = AppIcon;
				DEVELOPMENT_TEAM = EDV7C8ZP77;
				INFOPLIST_FILE = redstone/Info.plist;
				LD_RUNPATH_SEARCH_PATHS = "$(inherited) @executable_path/Frameworks";
				PRODUCT_BUNDLE_IDENTIFIER = ml.festival.redstone;
				PRODUCT_NAME = "$(TARGET_NAME)";
			};
			name = Debug;
		};
		8D58346A1DE18F1100C35675 /* Release */ = {
			isa = XCBuildConfiguration;
			buildSettings = {
				ASSETCATALOG_COMPILER_APPICON_NAME = AppIcon;
				DEVELOPMENT_TEAM = EDV7C8ZP77;
				INFOPLIST_FILE = redstone/Info.plist;
				LD_RUNPATH_SEARCH_PATHS = "$(inherited) @executable_path/Frameworks";
				PRODUCT_BUNDLE_IDENTIFIER = ml.festival.redstone;
				PRODUCT_NAME = "$(TARGET_NAME)";
			};
			name = Release;
		};
		8D5834721DE18F7C00C35675 /* Debug */ = {
			isa = XCBuildConfiguration;
			buildSettings = {
				DEBUGGING_SYMBOLS = YES;
				DEBUG_INFORMATION_FORMAT = dwarf;
				DEVELOPMENT_TEAM = EDV7C8ZP77;
				GCC_GENERATE_DEBUGGING_SYMBOLS = YES;
				GCC_OPTIMIZATION_LEVEL = 0;
				OTHER_CFLAGS = "";
				OTHER_LDFLAGS = "";
				PRODUCT_NAME = "$(TARGET_NAME)";
			};
			name = Debug;
		};
		8D5834731DE18F7C00C35675 /* Release */ = {
			isa = XCBuildConfiguration;
			buildSettings = {
				DEBUG_INFORMATION_FORMAT = "dwarf-with-dsym";
				DEVELOPMENT_TEAM = EDV7C8ZP77;
				OTHER_CFLAGS = "";
				OTHER_LDFLAGS = "";
				PRODUCT_NAME = "$(TARGET_NAME)";
			};
			name = Release;
		};
/* End XCBuildConfiguration section */

/* Begin XCConfigurationList section */
		8D58344C1DE18F1100C35675 /* Build configuration list for PBXProject "redstone" */ = {
			isa = XCConfigurationList;
			buildConfigurations = (
				8D5834661DE18F1100C35675 /* Debug */,
				8D5834671DE18F1100C35675 /* Release */,
			);
			defaultConfigurationIsVisible = 0;
			defaultConfigurationName = Release;
		};
		8D5834681DE18F1100C35675 /* Build configuration list for PBXNativeTarget "redstone" */ = {
			isa = XCConfigurationList;
			buildConfigurations = (
				8D5834691DE18F1100C35675 /* Debug */,
				8D58346A1DE18F1100C35675 /* Release */,
			);
			defaultConfigurationIsVisible = 0;
			defaultConfigurationName = Release;
		};
		8D5834711DE18F7C00C35675 /* Build configuration list for PBXLegacyTarget "make" */ = {
			isa = XCConfigurationList;
			buildConfigurations = (
				8D5834721DE18F7C00C35675 /* Debug */,
				8D5834731DE18F7C00C35675 /* Release */,
			);
			defaultConfigurationIsVisible = 0;
			defaultConfigurationName = Release;
		};
/* End XCConfigurationList section */
	};
	rootObject = 8D5834491DE18F1100C35675 /* Project object */;
}
