// !$*UTF8*$!
{
	archiveVersion = 1;
	classes = {
	};
	objectVersion = 46;
	objects = {

/* Begin PBXFileReference section */
		8D05A54E1DDEDF1B00935807 /* .theos */ = {isa = PBXFileReference; lastKnownFileType = folder; path = .theos; sourceTree = "<group>"; };
		8D05A54F1DDEDF1B00935807 /* entry.plist */ = {isa = PBXFileReference; lastKnownFileType = text.plist.xml; path = entry.plist; sourceTree = "<group>"; };
		8D05A5501DDEDF1B00935807 /* Makefile */ = {isa = PBXFileReference; lastKnownFileType = sourcecode.make; path = Makefile; sourceTree = "<group>"; };
		8D05A5511DDEDF1B00935807 /* obj */ = {isa = PBXFileReference; lastKnownFileType = folder; path = obj; sourceTree = "<group>"; };
		8D05A5521DDEDF1B00935807 /* packages */ = {isa = PBXFileReference; lastKnownFileType = folder; path = packages; sourceTree = "<group>"; };
		8D05A5531DDEDF1B00935807 /* RDSAccentColorList.h */ = {isa = PBXFileReference; lastKnownFileType = sourcecode.c.h; path = RDSAccentColorList.h; sourceTree = "<group>"; };
		8D05A5541DDEDF1B00935807 /* RDSAccentColorList.m */ = {isa = PBXFileReference; lastKnownFileType = sourcecode.c.objc; path = RDSAccentColorList.m; sourceTree = "<group>"; };
		8D05A5551DDEDF1B00935807 /* RDSRootListController.h */ = {isa = PBXFileReference; lastKnownFileType = sourcecode.c.h; path = RDSRootListController.h; sourceTree = "<group>"; };
		8D05A5561DDEDF1B00935807 /* RDSRootListController.xm */ = {isa = PBXFileReference; lastKnownFileType = text; path = RDSRootListController.xm; sourceTree = "<group>"; };
		8D05A5571DDEDF1B00935807 /* Resources */ = {isa = PBXFileReference; lastKnownFileType = folder; path = Resources; sourceTree = "<group>"; };
/* End PBXFileReference section */

/* Begin PBXGroup section */
		8D05A5471DDEDF1B00935807 = {
			isa = PBXGroup;
			children = (
				8D05A54E1DDEDF1B00935807 /* .theos */,
				8D05A54F1DDEDF1B00935807 /* entry.plist */,
				8D05A5501DDEDF1B00935807 /* Makefile */,
				8D05A5511DDEDF1B00935807 /* obj */,
				8D05A5521DDEDF1B00935807 /* packages */,
				8D05A5531DDEDF1B00935807 /* RDSAccentColorList.h */,
				8D05A5541DDEDF1B00935807 /* RDSAccentColorList.m */,
				8D05A5551DDEDF1B00935807 /* RDSRootListController.h */,
				8D05A5561DDEDF1B00935807 /* RDSRootListController.xm */,
				8D05A5571DDEDF1B00935807 /* Resources */,
			);
			sourceTree = "<group>";
		};
/* End PBXGroup section */

/* Begin PBXProject section */
		8D05A5481DDEDF1B00935807 /* Project object */ = {
			isa = PBXProject;
			attributes = {
			};
			buildConfigurationList = 8D05A54B1DDEDF1B00935807 /* Build configuration list for PBXProject "redstone_prefs" */;
			compatibilityVersion = "Xcode 3.2";
			developmentRegion = English;
			hasScannedForEncodings = 0;
			knownRegions = (
				en,
			);
			mainGroup = 8D05A5471DDEDF1B00935807;
			projectDirPath = "";
			projectRoot = "";
			targets = (
			);
		};
/* End PBXProject section */

/* Begin XCBuildConfiguration section */
		8D05A5491DDEDF1B00935807 /* Debug */ = {
			isa = XCBuildConfiguration;
			buildSettings = {
				ARCHS = "$(ARCHS_STANDARD_32_BIT)";
				COPY_PHASE_STRIP = NO;
				GCC_WARN_ABOUT_RETURN_TYPE = YES;
				GCC_WARN_UNUSED_VARIABLE = YES;
				ONLY_ACTIVE_ARCH = YES;
				SDKROOT = macosx10.6;
			};
			name = Debug;
		};
		8D05A54A1DDEDF1B00935807 /* Release */ = {
			isa = XCBuildConfiguration;
			buildSettings = {
				ARCHS = "$(ARCHS_STANDARD_32_BIT)";
				COPY_PHASE_STRIP = YES;
				GCC_WARN_ABOUT_RETURN_TYPE = YES;
				GCC_WARN_UNUSED_VARIABLE = YES;
				SDKROOT = macosx10.6;
			};
			name = Release;
		};
/* End XCBuildConfiguration section */

/* Begin XCConfigurationList section */
		8D05A54B1DDEDF1B00935807 /* Build configuration list for PBXProject "redstone_prefs" */ = {
			isa = XCConfigurationList;
			buildConfigurations = (
				8D05A5491DDEDF1B00935807 /* Debug */,
				8D05A54A1DDEDF1B00935807 /* Release */,
			);
			defaultConfigurationIsVisible = 0;
			defaultConfigurationName = Release;
		};
/* End XCConfigurationList section */
	};
	rootObject = 8D05A5481DDEDF1B00935807 /* Project object */;
}
